
Microsoft Visual Studio Solution File, Format Version 12.00
# Visual Studio 15
VisualStudioVersion = 15.0.27004.2010
MinimumVisualStudioVersion = 10.0.40219.1
Project("{FAE04EC0-301F-11D3-BF4B-00C04F79EFBC}") = "TakForceInOperation", "TakForceInOperation\TakForceInOperation.csproj", "{3B69D6B2-1961-4EC8-9885-A04931CE0169}"
EndProject
Global
	GlobalSection(SolutionConfigurationPlatforms) = preSolution
		Debug|Any CPU = Debug|Any CPU
		Release|Any CPU = Release|Any CPU
	EndGlobalSection
	GlobalSection(ProjectConfigurationPlatforms) = postSolution
		{3B69D6B2-1961-4EC8-9885-A04931CE0169}.Debug|Any CPU.ActiveCfg = Debug|Any CPU
		{3B69D6B2-1961-4EC8-9885-A04931CE0169}.Debug|Any CPU.Build.0 = Debug|Any CPU
		{3B69D6B2-1961-4EC8-9885-A04931CE0169}.Release|Any CPU.ActiveCfg = Release|Any CPU
		{3B69D6B2-1961-4EC8-9885-A04931CE0169}.Release|Any CPU.Build.0 = Release|Any CPU
	EndGlobalSection
	GlobalSection(SolutionProperties) = preSolution
		HideSolutionNode = FALSE
	EndGlobalSection
	GlobalSection(ExtensibilityGlobals) = postSolution
		SolutionGuid = {879CBF5B-4BC1-45FF-88C2-19A9699804D0}
	EndGlobalSection
EndGlobal
